
Microsoft Visual Studio Solution File, Format Version 12.00
# Visual Studio Version 16
VisualStudioVersion = 16.0.33423.256
MinimumVisualStudioVersion = 10.0.40219.1
Project("{FAE04EC0-301F-11D3-BF4B-00C04F79EFBC}") = "task01", "task01\task01.csproj", "{B35AA3E5-7292-4DD3-A5DE-A165FA7595F8}"
EndProject
Global
	GlobalSection(SolutionConfigurationPlatforms) = preSolution
		Debug|Any CPU = Debug|Any CPU
		Release|Any CPU = Release|Any CPU
	EndGlobalSection
	GlobalSection(ProjectConfigurationPlatforms) = postSolution
		{B35AA3E5-7292-4DD3-A5DE-A165FA7595F8}.Debug|Any CPU.ActiveCfg = Debug|Any CPU
		{B35AA3E5-7292-4DD3-A5DE-A165FA7595F8}.Debug|Any CPU.Build.0 = Debug|Any CPU
		{B35AA3E5-7292-4DD3-A5DE-A165FA7595F8}.Release|Any CPU.ActiveCfg = Release|Any CPU
		{B35AA3E5-7292-4DD3-A5DE-A165FA7595F8}.Release|Any CPU.Build.0 = Release|Any CPU
	EndGlobalSection
	GlobalSection(SolutionProperties) = preSolution
		HideSolutionNode = FALSE
	EndGlobalSection
	GlobalSection(ExtensibilityGlobals) = postSolution
		SolutionGuid = {7B1647D0-3CCE-4672-A6CF-1A70000CE944}
	EndGlobalSection
EndGlobal
